dependencies:
  espressif/esp32-camera:
    component_hash: 7e60dc75e1e7b44fc06a931a1dcd3bab5ce49d04098fb2021753f6d987982db9
    source:
      service_url: https://api.components.espressif.com/
      type: service
    version: 2.0.5
  idf:
    component_hash: null
    source:
      type: idf
    version: 5.1.1
manifest_hash: 35d907e52c69d559c23a7a4e96a8bca21fe8064aa71f9a5366e9220243dcefa3
target: esp32
version: 1.0.0
